
Microsoft Visual Studio Solution File, Format Version 12.00
# Visual Studio Version 17
VisualStudioVersion = 17.9.34607.119
MinimumVisualStudioVersion = 10.0.40219.1
Project("{FAE04EC0-301F-11D3-BF4B-00C04F79EFBC}") = "HashTable", "HashTable\HashTable.csproj", "{D22D2C7D-DAE5-4BA1-876F-CEBCF093988E}"
EndProject
Global
	GlobalSection(SolutionConfigurationPlatforms) = preSolution
		Debug|Any CPU = Debug|Any CPU
		Release|Any CPU = Release|Any CPU
	EndGlobalSection
	GlobalSection(ProjectConfigurationPlatforms) = postSolution
		{D22D2C7D-DAE5-4BA1-876F-CEBCF093988E}.Debug|Any CPU.ActiveCfg = Debug|Any CPU
		{D22D2C7D-DAE5-4BA1-876F-CEBCF093988E}.Debug|Any CPU.Build.0 = Debug|Any CPU
		{D22D2C7D-DAE5-4BA1-876F-CEBCF093988E}.Release|Any CPU.ActiveCfg = Release|Any CPU
		{D22D2C7D-DAE5-4BA1-876F-CEBCF093988E}.Release|Any CPU.Build.0 = Release|Any CPU
	EndGlobalSection
	GlobalSection(SolutionProperties) = preSolution
		HideSolutionNode = FALSE
	EndGlobalSection
	GlobalSection(ExtensibilityGlobals) = postSolution
		SolutionGuid = {4D1A3AF6-C2CE-4355-BAAB-66F1242E641F}
	EndGlobalSection
EndGlobal
